// !$*UTF8*$!
{
	archiveVersion = 1;
	classes = {
	};
	objectVersion = 56;
	objects = {

/* Begin PBXBuildFile section */
		B5240DA428E723D90029EB96 /* AppDelegate.swift in Sources */ = {isa = PBXBuildFile; fileRef = B5240DA328E723D90029EB96 /* AppDelegate.swift */; };
		B5240DA628E723D90029EB96 /* SceneDelegate.swift in Sources */ = {isa = PBXBuildFile; fileRef = B5240DA528E723D90029EB96 /* SceneDelegate.swift */; };
		B5240DA828E723D90029EB96 /* ViewController.swift in Sources */ = {isa = PBXBuildFile; fileRef = B5240DA728E723D90029EB96 /* ViewController.swift */; };
		B5240DAB28E723D90029EB96 /* Main.storyboard in Resources */ = {isa = PBXBuildFile; fileRef = B5240DA928E723D90029EB96 /* Main.storyboard */; };
		B5240DAD28E723DE0029EB96 /* Assets.xcassets in Resources */ = {isa = PBXBuildFile; fileRef = B5240DAC28E723DE0029EB96 /* Assets.xcassets */; };
		B5240DB028E723DE0029EB96 /* LaunchScreen.storyboard in Resources */ = {isa = PBXBuildFile; fileRef = B5240DAE28E723DE0029EB96 /* LaunchScreen.storyboard */; };
		B5240DBB28E723DF0029EB96 /* NetflixAppTests.swift in Sources */ = {isa = PBXBuildFile; fileRef = B5240DBA28E723DF0029EB96 /* NetflixAppTests.swift */; };
		B5240DC528E723DF0029EB96 /* NetflixAppUITests.swift in Sources */ = {isa = PBXBuildFile; fileRef = B5240DC428E723DF0029EB96 /* NetflixAppUITests.swift */; };
		B5240DC728E723DF0029EB96 /* NetflixAppUITestsLaunchTests.swift in Sources */ = {isa = PBXBuildFile; fileRef = B5240DC628E723DF0029EB96 /* NetflixAppUITestsLaunchTests.swift */; };
/* End PBXBuildFile section */

/* Begin PBXContainerItemProxy section */
		B5240DB728E723DF0029EB96 /* PBXContainerItemProxy */ = {
			isa = PBXContainerItemProxy;
			containerPortal = B5240D9828E723D90029EB96 /* Project object */;
			proxyType = 1;
			remoteGlobalIDString = B5240D9F28E723D90029EB96;
			remoteInfo = NetflixApp;
		};
		B5240DC128E723DF0029EB96 /* PBXContainerItemProxy */ = {
			isa = PBXContainerItemProxy;
			containerPortal = B5240D9828E723D90029EB96 /* Project object */;
			proxyType = 1;
			remoteGlobalIDString = B5240D9F28E723D90029EB96;
			remoteInfo = NetflixApp;
		};
/* End PBXContainerItemProxy section */

/* Begin PBXFileReference section */
		B5240DA028E723D90029EB96 /* NetflixApp.app */ = {isa = PBXFileReference; explicitFileType = wrapper.application; includeInIndex = 0; path = NetflixApp.app; sourceTree = BUILT_PRODUCTS_DIR; };
		B5240DA328E723D90029EB96 /* AppDelegate.swift */ = {isa = PBXFileReference; lastKnownFileType = sourcecode.swift; path = AppDelegate.swift; sourceTree = "<group>"; };
		B5240DA528E723D90029EB96 /* SceneDelegate.swift */ = {isa = PBXFileReference; lastKnownFileType = sourcecode.swift; path = SceneDelegate.swift; sourceTree = "<group>"; };
		B5240DA728E723D90029EB96 /* ViewController.swift */ = {isa = PBXFileReference; lastKnownFileType = sourcecode.swift; path = ViewController.swift; sourceTree = "<group>"; };
		B5240DAA28E723D90029EB96 /* Base */ = {isa = PBXFileReference; lastKnownFileType = file.storyboard; name = Base; path = Base.lproj/Main.storyboard; sourceTree = "<group>"; };
		B5240DAC28E723DE0029EB96 /* Assets.xcassets */ = {isa = PBXFileReference; lastKnownFileType = folder.assetcatalog; path = Assets.xcassets; sourceTree = "<group>"; };
		B5240DAF28E723DE0029EB96 /* Base */ = {isa = PBXFileReference; lastKnownFileType = file.storyboard; name = Base; path = Base.lproj/LaunchScreen.storyboard; sourceTree = "<group>"; };
		B5240DB128E723DE0029EB96 /* Info.plist */ = {isa = PBXFileReference; lastKnownFileType = text.plist.xml; path = Info.plist; sourceTree = "<group>"; };
		B5240DB628E723DF0029EB96 /* NetflixAppTests.xctest */ = {isa = PBXFileReference; explicitFileType = wrapper.cfbundle; includeInIndex = 0; path = NetflixAppTests.xctest; sourceTree = BUILT_PRODUCTS_DIR; };
		B5240DBA28E723DF0029EB96 /* NetflixAppTests.swift */ = {isa = PBXFileReference; lastKnownFileType = sourcecode.swift; path = NetflixAppTests.swift; sourceTree = "<group>"; };
		B5240DC028E723DF0029EB96 /* NetflixAppUITests.xctest */ = {isa = PBXFileReference; explicitFileType = wrapper.cfbundle; includeInIndex = 0; path = NetflixAppUITests.xctest; sourceTree = BUILT_PRODUCTS_DIR; };
		B5240DC428E723DF0029EB96 /* NetflixAppUITests.swift */ = {isa = PBXFileReference; lastKnownFileType = sourcecode.swift; path = NetflixAppUITests.swift; sourceTree = "<group>"; };
		B5240DC628E723DF0029EB96 /* NetflixAppUITestsLaunchTests.swift */ = {isa = PBXFileReference; lastKnownFileType = sourcecode.swift; path = NetflixAppUITestsLaunchTests.swift; sourceTree = "<group>"; };
/* End PBXFileReference section */

/* Begin PBXFrameworksBuildPhase section */
		B5240D9D28E723D90029EB96 /* Frameworks */ = {
			isa = PBXFrameworksBuildPhase;
			buildActionMask = 2147483647;
			files = (
			);
			runOnlyForDeploymentPostprocessing = 0;
		};
		B5240DB328E723DF0029EB96 /* Frameworks */ = {
			isa = PBXFrameworksBuildPhase;
			buildActionMask = 2147483647;
			files = (
			);
			runOnlyForDeploymentPostprocessing = 0;
		};
		B5240DBD28E723DF0029EB96 /* Frameworks */ = {
			isa = PBXFrameworksBuildPhase;
			buildActionMask = 2147483647;
			files = (
			);
			runOnlyForDeploymentPostprocessing = 0;
		};
/* End PBXFrameworksBuildPhase section */

/* Begin PBXGroup section */
		B5240D9728E723D90029EB96 = {
			isa = PBXGroup;
			children = (
				B5240DA228E723D90029EB96 /* NetflixApp */,
				B5240DB928E723DF0029EB96 /* NetflixAppTests */,
				B5240DC328E723DF0029EB96 /* NetflixAppUITests */,
				B5240DA128E723D90029EB96 /* Products */,
			);
			sourceTree = "<group>";
		};
		B5240DA128E723D90029EB96 /* Products */ = {
			isa = PBXGroup;
			children = (
				B5240DA028E723D90029EB96 /* NetflixApp.app */,
				B5240DB628E723DF0029EB96 /* NetflixAppTests.xctest */,
				B5240DC028E723DF0029EB96 /* NetflixAppUITests.xctest */,
			);
			name = Products;
			sourceTree = "<group>";
		};
		B5240DA228E723D90029EB96 /* NetflixApp */ = {
			isa = PBXGroup;
			children = (
				B5240DA328E723D90029EB96 /* AppDelegate.swift */,
				B5240DA528E723D90029EB96 /* SceneDelegate.swift */,
				B5240DA728E723D90029EB96 /* ViewController.swift */,
				B5240DA928E723D90029EB96 /* Main.storyboard */,
				B5240DAC28E723DE0029EB96 /* Assets.xcassets */,
				B5240DAE28E723DE0029EB96 /* LaunchScreen.storyboard */,
				B5240DB128E723DE0029EB96 /* Info.plist */,
			);
			path = NetflixApp;
			sourceTree = "<group>";
		};
		B5240DB928E723DF0029EB96 /* NetflixAppTests */ = {
			isa = PBXGroup;
			children = (
				B5240DBA28E723DF0029EB96 /* NetflixAppTests.swift */,
			);
			path = NetflixAppTests;
			sourceTree = "<group>";
		};
		B5240DC328E723DF0029EB96 /* NetflixAppUITests */ = {
			isa = PBXGroup;
			children = (
				B5240DC428E723DF0029EB96 /* NetflixAppUITests.swift */,
				B5240DC628E723DF0029EB96 /* NetflixAppUITestsLaunchTests.swift */,
			);
			path = NetflixAppUITests;
			sourceTree = "<group>";
		};
/* End PBXGroup section */

/* Begin PBXNativeTarget section */
		B5240D9F28E723D90029EB96 /* NetflixApp */ = {
			isa = PBXNativeTarget;
			buildConfigurationList = B5240DCA28E723DF0029EB96 /* Build configuration list for PBXNativeTarget "NetflixApp" */;
			buildPhases = (
				B5240D9C28E723D90029EB96 /* Sources */,
				B5240D9D28E723D90029EB96 /* Frameworks */,
				B5240D9E28E723D90029EB96 /* Resources */,
			);
			buildRules = (
			);
			dependencies = (
			);
			name = NetflixApp;
			productName = NetflixApp;
			productReference = B5240DA028E723D90029EB96 /* NetflixApp.app */;
			productType = "com.apple.product-type.application";
		};
		B5240DB528E723DF0029EB96 /* NetflixAppTests */ = {
			isa = PBXNativeTarget;
			buildConfigurationList = B5240DCD28E723DF0029EB96 /* Build configuration list for PBXNativeTarget "NetflixAppTests" */;
			buildPhases = (
				B5240DB228E723DF0029EB96 /* Sources */,
				B5240DB328E723DF0029EB96 /* Frameworks */,
				B5240DB428E723DF0029EB96 /* Resources */,
			);
			buildRules = (
			);
			dependencies = (
				B5240DB828E723DF0029EB96 /* PBXTargetDependency */,
			);
			name = NetflixAppTests;
			productName = NetflixAppTests;
			productReference = B5240DB628E723DF0029EB96 /* NetflixAppTests.xctest */;
			productType = "com.apple.product-type.bundle.unit-test";
		};
		B5240DBF28E723DF0029EB96 /* NetflixAppUITests */ = {
			isa = PBXNativeTarget;
			buildConfigurationList = B5240DD028E723DF0029EB96 /* Build configuration list for PBXNativeTarget "NetflixAppUITests" */;
			buildPhases = (
				B5240DBC28E723DF0029EB96 /* Sources */,
				B5240DBD28E723DF0029EB96 /* Frameworks */,
				B5240DBE28E723DF0029EB96 /* Resources */,
			);
			buildRules = (
			);
			dependencies = (
				B5240DC228E723DF0029EB96 /* PBXTargetDependency */,
			);
			name = NetflixAppUITests;
			productName = NetflixAppUITests;
			productReference = B5240DC028E723DF0029EB96 /* NetflixAppUITests.xctest */;
			productType = "com.apple.product-type.bundle.ui-testing";
		};
/* End PBXNativeTarget section */

/* Begin PBXProject section */
		B5240D9828E723D90029EB96 /* Project object */ = {
			isa = PBXProject;
			attributes = {
				BuildIndependentTargetsInParallel = 1;
				LastSwiftUpdateCheck = 1400;
				LastUpgradeCheck = 1400;
				TargetAttributes = {
					B5240D9F28E723D90029EB96 = {
						CreatedOnToolsVersion = 14.0.1;
					};
					B5240DB528E723DF0029EB96 = {
						CreatedOnToolsVersion = 14.0.1;
						TestTargetID = B5240D9F28E723D90029EB96;
					};
					B5240DBF28E723DF0029EB96 = {
						CreatedOnToolsVersion = 14.0.1;
						TestTargetID = B5240D9F28E723D90029EB96;
					};
				};
			};
			buildConfigurationList = B5240D9B28E723D90029EB96 /* Build configuration list for PBXProject "NetflixApp" */;
			compatibilityVersion = "Xcode 14.0";
			developmentRegion = en;
			hasScannedForEncodings = 0;
			knownRegions = (
				en,
				Base,
			);
			mainGroup = B5240D9728E723D90029EB96;
			productRefGroup = B5240DA128E723D90029EB96 /* Products */;
			projectDirPath = "";
			projectRoot = "";
			targets = (
				B5240D9F28E723D90029EB96 /* NetflixApp */,
				B5240DB528E723DF0029EB96 /* NetflixAppTests */,
				B5240DBF28E723DF0029EB96 /* NetflixAppUITests */,
			);
		};
/* End PBXProject section */

/* Begin PBXResourcesBuildPhase section */
		B5240D9E28E723D90029EB96 /* Resources */ = {
			isa = PBXResourcesBuildPhase;
			buildActionMask = 2147483647;
			files = (
				B5240DB028E723DE0029EB96 /* LaunchScreen.storyboard in Resources */,
				B5240DAD28E723DE0029EB96 /* Assets.xcassets in Resources */,
				B5240DAB28E723D90029EB96 /* Main.storyboard in Resources */,
			);
			runOnlyForDeploymentPostprocessing = 0;
		};
		B5240DB428E723DF0029EB96 /* Resources */ = {
			isa = PBXResourcesBuildPhase;
			buildActionMask = 2147483647;
			files = (
			);
			runOnlyForDeploymentPostprocessing = 0;
		};
		B5240DBE28E723DF0029EB96 /* Resources */ = {
			isa = PBXResourcesBuildPhase;
			buildActionMask = 2147483647;
			files = (
			);
			runOnlyForDeploymentPostprocessing = 0;
		};
/* End PBXResourcesBuildPhase section */

/* Begin PBXSourcesBuildPhase section */
		B5240D9C28E723D90029EB96 /* Sources */ = {
			isa = PBXSourcesBuildPhase;
			buildActionMask = 2147483647;
			files = (
				B5240DA828E723D90029EB96 /* ViewController.swift in Sources */,
				B5240DA428E723D90029EB96 /* AppDelegate.swift in Sources */,
				B5240DA628E723D90029EB96 /* SceneDelegate.swift in Sources */,
			);
			runOnlyForDeploymentPostprocessing = 0;
		};
		B5240DB228E723DF0029EB96 /* Sources */ = {
			isa = PBXSourcesBuildPhase;
			buildActionMask = 2147483647;
			files = (
				B5240DBB28E723DF0029EB96 /* NetflixAppTests.swift in Sources */,
			);
			runOnlyForDeploymentPostprocessing = 0;
		};
		B5240DBC28E723DF0029EB96 /* Sources */ = {
			isa = PBXSourcesBuildPhase;
			buildActionMask = 2147483647;
			files = (
				B5240DC528E723DF0029EB96 /* NetflixAppUITests.swift in Sources */,
				B5240DC728E723DF0029EB96 /* NetflixAppUITestsLaunchTests.swift in Sources */,
			);
			runOnlyForDeploymentPostprocessing = 0;
		};
/* End PBXSourcesBuildPhase section */

/* Begin PBXTargetDependency section */
		B5240DB828E723DF0029EB96 /* PBXTargetDependency */ = {
			isa = PBXTargetDependency;
			target = B5240D9F28E723D90029EB96 /* NetflixApp */;
			targetProxy = B5240DB728E723DF0029EB96 /* PBXContainerItemProxy */;
		};
		B5240DC228E723DF0029EB96 /* PBXTargetDependency */ = {
			isa = PBXTargetDependency;
			target = B5240D9F28E723D90029EB96 /* NetflixApp */;
			targetProxy = B5240DC128E723DF0029EB96 /* PBXContainerItemProxy */;
		};
/* End PBXTargetDependency section */

/* Begin PBXVariantGroup section */
		B5240DA928E723D90029EB96 /* Main.storyboard */ = {
			isa = PBXVariantGroup;
			children = (
				B5240DAA28E723D90029EB96 /* Base */,
			);
			name = Main.storyboard;
			sourceTree = "<group>";
		};
		B5240DAE28E723DE0029EB96 /* LaunchScreen.storyboard */ = {
			isa = PBXVariantGroup;
			children = (
				B5240DAF28E723DE0029EB96 /* Base */,
			);
			name = LaunchScreen.storyboard;
			sourceTree = "<group>";
		};
/* End PBXVariantGroup section */

/* Begin XCBuildConfiguration section */
		B5240DC828E723DF0029EB96 /* Debug */ = {
			isa = XCBuildConfiguration;
			buildSettings = {
				ALWAYS_SEARCH_USER_PATHS = NO;
				CLANG_ANALYZER_NONNULL = YES;
				CLANG_ANALYZER_NUMBER_OBJECT_CONVERSION = YES_AGGRESSIVE;
				CLANG_CXX_LANGUAGE_STANDARD = "gnu++20";
				CLANG_ENABLE_MODULES = YES;
				CLANG_ENABLE_OBJC_ARC = YES;
				CLANG_ENABLE_OBJC_WEAK = YES;
				CLANG_WARN_BLOCK_CAPTURE_AUTORELEASING = YES;
				CLANG_WARN_BOOL_CONVERSION = YES;
				CLANG_WARN_COMMA = YES;
				CLANG_WARN_CONSTANT_CONVERSION = YES;
				CLANG_WARN_DEPRECATED_OBJC_IMPLEMENTATIONS = YES;
				CLANG_WARN_DIRECT_OBJC_ISA_USAGE = YES_ERROR;
				CLANG_WARN_DOCUMENTATION_COMMENTS = YES;
				CLANG_WARN_EMPTY_BODY = YES;
				CLANG_WARN_ENUM_CONVERSION = YES;
				CLANG_WARN_INFINITE_RECURSION = YES;
				CLANG_WARN_INT_CONVERSION = YES;
				CLANG_WARN_NON_LITERAL_NULL_CONVERSION = YES;
				CLANG_WARN_OBJC_IMPLICIT_RETAIN_SELF = YES;
				CLANG_WARN_OBJC_LITERAL_CONVERSION = YES;
				CLANG_WARN_OBJC_ROOT_CLASS = YES_ERROR;
				CLANG_WARN_QUOTED_INCLUDE_IN_FRAMEWORK_HEADER = YES;
				CLANG_WARN_RANGE_LOOP_ANALYSIS = YES;
				CLANG_WARN_STRICT_PROTOTYPES = YES;
				CLANG_WARN_SUSPICIOUS_MOVE = YES;
				CLANG_WARN_UNGUARDED_AVAILABILITY = YES_AGGRESSIVE;
				CLANG_WARN_UNREACHABLE_CODE = YES;
				CLANG_WARN__DUPLICATE_METHOD_MATCH = YES;
				COPY_PHASE_STRIP = NO;
				DEBUG_INFORMATION_FORMAT = dwarf;
				ENABLE_STRICT_OBJC_MSGSEND = YES;
				ENABLE_TESTABILITY = YES;
				GCC_C_LANGUAGE_STANDARD = gnu11;
				GCC_DYNAMIC_NO_PIC = NO;
				GCC_NO_COMMON_BLOCKS = YES;
				GCC_OPTIMIZATION_LEVEL = 0;
				GCC_PREPROCESSOR_DEFINITIONS = (
					"DEBUG=1",
					"$(inherited)",
				);
				GCC_WARN_64_TO_32_BIT_CONVERSION = YES;
				GCC_WARN_ABOUT_RETURN_TYPE = YES_ERROR;
				GCC_WARN_UNDECLARED_SELECTOR = YES;
				GCC_WARN_UNINITIALIZED_AUTOS = YES_AGGRESSIVE;
				GCC_WARN_UNUSED_FUNCTION = YES;
				GCC_WARN_UNUSED_VARIABLE = YES;
				IPHONEOS_DEPLOYMENT_TARGET = 16.0;
				MTL_ENABLE_DEBUG_INFO = INCLUDE_SOURCE;
				MTL_FAST_MATH = YES;
				ONLY_ACTIVE_ARCH = YES;
				SDKROOT = iphoneos;
				SWIFT_ACTIVE_COMPILATION_CONDITIONS = DEBUG;
				SWIFT_OPTIMIZATION_LEVEL = "-Onone";
			};
			name = Debug;
		};
		B5240DC928E723DF0029EB96 /* Release */ = {
			isa = XCBuildConfiguration;
			buildSettings = {
				ALWAYS_SEARCH_USER_PATHS = NO;
				CLANG_ANALYZER_NONNULL = YES;
				CLANG_ANALYZER_NUMBER_OBJECT_CONVERSION = YES_AGGRESSIVE;
				CLANG_CXX_LANGUAGE_STANDARD = "gnu++20";
				CLANG_ENABLE_MODULES = YES;
				CLANG_ENABLE_OBJC_ARC = YES;
				CLANG_ENABLE_OBJC_WEAK = YES;
				CLANG_WARN_BLOCK_CAPTURE_AUTORELEASING = YES;
				CLANG_WARN_BOOL_CONVERSION = YES;
				CLANG_WARN_COMMA = YES;
				CLANG_WARN_CONSTANT_CONVERSION = YES;
				CLANG_WARN_DEPRECATED_OBJC_IMPLEMENTATIONS = YES;
				CLANG_WARN_DIRECT_OBJC_ISA_USAGE = YES_ERROR;
				CLANG_WARN_DOCUMENTATION_COMMENTS = YES;
				CLANG_WARN_EMPTY_BODY = YES;
				CLANG_WARN_ENUM_CONVERSION = YES;
				CLANG_WARN_INFINITE_RECURSION = YES;
				CLANG_WARN_INT_CONVERSION = YES;
				CLANG_WARN_NON_LITERAL_NULL_CONVERSION = YES;
				CLANG_WARN_OBJC_IMPLICIT_RETAIN_SELF = YES;
				CLANG_WARN_OBJC_LITERAL_CONVERSION = YES;
				CLANG_WARN_OBJC_ROOT_CLASS = YES_ERROR;
				CLANG_WARN_QUOTED_INCLUDE_IN_FRAMEWORK_HEADER = YES;
				CLANG_WARN_RANGE_LOOP_ANALYSIS = YES;
				CLANG_WARN_STRICT_PROTOTYPES = YES;
				CLANG_WARN_SUSPICIOUS_MOVE = YES;
				CLANG_WARN_UNGUARDED_AVAILABILITY = YES_AGGRESSIVE;
				CLANG_WARN_UNREACHABLE_CODE = YES;
				CLANG_WARN__DUPLICATE_METHOD_MATCH = YES;
				COPY_PHASE_STRIP = NO;
				DEBUG_INFORMATION_FORMAT = "dwarf-with-dsym";
				ENABLE_NS_ASSERTIONS = NO;
				ENABLE_STRICT_OBJC_MSGSEND = YES;
				GCC_C_LANGUAGE_STANDARD = gnu11;
				GCC_NO_COMMON_BLOCKS = YES;
				GCC_WARN_64_TO_32_BIT_CONVERSION = YES;
				GCC_WARN_ABOUT_RETURN_TYPE = YES_ERROR;
				GCC_WARN_UNDECLARED_SELECTOR = YES;
				GCC_WARN_UNINITIALIZED_AUTOS = YES_AGGRESSIVE;
				GCC_WARN_UNUSED_FUNCTION = YES;
				GCC_WARN_UNUSED_VARIABLE = YES;
				IPHONEOS_DEPLOYMENT_TARGET = 16.0;
				MTL_ENABLE_DEBUG_INFO = NO;
				MTL_FAST_MATH = YES;
				SDKROOT = iphoneos;
				SWIFT_COMPILATION_MODE = wholemodule;
				SWIFT_OPTIMIZATION_LEVEL = "-O";
				VALIDATE_PRODUCT = YES;
			};
			name = Release;
		};
		B5240DCB28E723DF0029EB96 /* Debug */ = {
			isa = XCBuildConfiguration;
			buildSettings = {
				ASSETCATALOG_COMPILER_APPICON_NAME = AppIcon;
				ASSETCATALOG_COMPILER_GLOBAL_ACCENT_COLOR_NAME = AccentColor;
				CODE_SIGN_STYLE = Automatic;
				CURRENT_PROJECT_VERSION = 1;
				DEVELOPMENT_TEAM = G2CX2FAAM8;
				GENERATE_INFOPLIST_FILE = YES;
				INFOPLIST_FILE = NetflixApp/Info.plist;
				INFOPLIST_KEY_UIApplicationSupportsIndirectInputEvents = YES;
				INFOPLIST_KEY_UILaunchStoryboardName = LaunchScreen;
				INFOPLIST_KEY_UIMainStoryboardFile = Main;
				INFOPLIST_KEY_UISupportedInterfaceOrientations_iPad = "UIInterfaceOrientationPortrait UIInterfaceOrientationPortraitUpsideDown UIInterfaceOrientationLandscapeLeft UIInterfaceOrientationLandscapeRight";
				INFOPLIST_KEY_UISupportedInterfaceOrientations_iPhone = "UIInterfaceOrientationPortrait UIInterfaceOrientationLandscapeLeft UIInterfaceOrientationLandscapeRight";
				LD_RUNPATH_SEARCH_PATHS = (
					"$(inherited)",
					"@executable_path/Frameworks",
				);
				MARKETING_VERSION = 1.0;
				PRODUCT_BUNDLE_IDENTIFIER = ru.runovrv.NetflixApp;
				PRODUCT_NAME = "$(TARGET_NAME)";
				SWIFT_EMIT_LOC_STRINGS = YES;
				SWIFT_VERSION = 5.0;
				TARGETED_DEVICE_FAMILY = "1,2";
			};
			name = Debug;
		};
		B5240DCC28E723DF0029EB96 /* Release */ = {
			isa = XCBuildConfiguration;
			buildSettings = {
				ASSETCATALOG_COMPILER_APPICON_NAME = AppIcon;
				ASSETCATALOG_COMPILER_GLOBAL_ACCENT_COLOR_NAME = AccentColor;
				CODE_SIGN_STYLE = Automatic;
				CURRENT_PROJECT_VERSION = 1;
				DEVELOPMENT_TEAM = G2CX2FAAM8;
				GENERATE_INFOPLIST_FILE = YES;
				INFOPLIST_FILE = NetflixApp/Info.plist;
				INFOPLIST_KEY_UIApplicationSupportsIndirectInputEvents = YES;
				INFOPLIST_KEY_UILaunchStoryboardName = LaunchScreen;
				INFOPLIST_KEY_UIMainStoryboardFile = Main;
				INFOPLIST_KEY_UISupportedInterfaceOrientations_iPad = "UIInterfaceOrientationPortrait UIInterfaceOrientationPortraitUpsideDown UIInterfaceOrientationLandscapeLeft UIInterfaceOrientationLandscapeRight";
				INFOPLIST_KEY_UISupportedInterfaceOrientations_iPhone = "UIInterfaceOrientationPortrait UIInterfaceOrientationLandscapeLeft UIInterfaceOrientationLandscapeRight";
				LD_RUNPATH_SEARCH_PATHS = (
					"$(inherited)",
					"@executable_path/Frameworks",
				);
				MARKETING_VERSION = 1.0;
				PRODUCT_BUNDLE_IDENTIFIER = ru.runovrv.NetflixApp;
				PRODUCT_NAME = "$(TARGET_NAME)";
				SWIFT_EMIT_LOC_STRINGS = YES;
				SWIFT_VERSION = 5.0;
				TARGETED_DEVICE_FAMILY = "1,2";
			};
			name = Release;
		};
		B5240DCE28E723DF0029EB96 /* Debug */ = {
			isa = XCBuildConfiguration;
			buildSettings = {
				ALWAYS_EMBED_SWIFT_STANDARD_LIBRARIES = YES;
				BUNDLE_LOADER = "$(TEST_HOST)";
				CODE_SIGN_STYLE = Automatic;
				CURRENT_PROJECT_VERSION = 1;
				DEVELOPMENT_TEAM = G2CX2FAAM8;
				GENERATE_INFOPLIST_FILE = YES;
				IPHONEOS_DEPLOYMENT_TARGET = 16.0;
				MARKETING_VERSION = 1.0;
				PRODUCT_BUNDLE_IDENTIFIER = ru.runovrv.NetflixAppTests;
				PRODUCT_NAME = "$(TARGET_NAME)";
				SWIFT_EMIT_LOC_STRINGS = NO;
				SWIFT_VERSION = 5.0;
				TARGETED_DEVICE_FAMILY = "1,2";
				TEST_HOST = "$(BUILT_PRODUCTS_DIR)/NetflixApp.app/$(BUNDLE_EXECUTABLE_FOLDER_PATH)/NetflixApp";
			};
			name = Debug;
		};
		B5240DCF28E723DF0029EB96 /* Release */ = {
			isa = XCBuildConfiguration;
			buildSettings = {
				ALWAYS_EMBED_SWIFT_STANDARD_LIBRARIES = YES;
				BUNDLE_LOADER = "$(TEST_HOST)";
				CODE_SIGN_STYLE = Automatic;
				CURRENT_PROJECT_VERSION = 1;
				DEVELOPMENT_TEAM = G2CX2FAAM8;
				GENERATE_INFOPLIST_FILE = YES;
				IPHONEOS_DEPLOYMENT_TARGET = 16.0;
				MARKETING_VERSION = 1.0;
				PRODUCT_BUNDLE_IDENTIFIER = ru.runovrv.NetflixAppTests;
				PRODUCT_NAME = "$(TARGET_NAME)";
				SWIFT_EMIT_LOC_STRINGS = NO;
				SWIFT_VERSION = 5.0;
				TARGETED_DEVICE_FAMILY = "1,2";
				TEST_HOST = "$(BUILT_PRODUCTS_DIR)/NetflixApp.app/$(BUNDLE_EXECUTABLE_FOLDER_PATH)/NetflixApp";
			};
			name = Release;
		};
		B5240DD128E723DF0029EB96 /* Debug */ = {
			isa = XCBuildConfiguration;
			buildSettings = {
				ALWAYS_EMBED_SWIFT_STANDARD_LIBRARIES = YES;
				CODE_SIGN_STYLE = Automatic;
				CURRENT_PROJECT_VERSION = 1;
				DEVELOPMENT_TEAM = G2CX2FAAM8;
				GENERATE_INFOPLIST_FILE = YES;
				MARKETING_VERSION = 1.0;
				PRODUCT_BUNDLE_IDENTIFIER = ru.runovrv.NetflixAppUITests;
				PRODUCT_NAME = "$(TARGET_NAME)";
				SWIFT_EMIT_LOC_STRINGS = NO;
				SWIFT_VERSION = 5.0;
				TARGETED_DEVICE_FAMILY = "1,2";
				TEST_TARGET_NAME = NetflixApp;
			};
			name = Debug;
		};
		B5240DD228E723DF0029EB96 /* Release */ = {
			isa = XCBuildConfiguration;
			buildSettings = {
				ALWAYS_EMBED_SWIFT_STANDARD_LIBRARIES = YES;
				CODE_SIGN_STYLE = Automatic;
				CURRENT_PROJECT_VERSION = 1;
				DEVELOPMENT_TEAM = G2CX2FAAM8;
				GENERATE_INFOPLIST_FILE = YES;
				MARKETING_VERSION = 1.0;
				PRODUCT_BUNDLE_IDENTIFIER = ru.runovrv.NetflixAppUITests;
				PRODUCT_NAME = "$(TARGET_NAME)";
				SWIFT_EMIT_LOC_STRINGS = NO;
				SWIFT_VERSION = 5.0;
				TARGETED_DEVICE_FAMILY = "1,2";
				TEST_TARGET_NAME = NetflixApp;
			};
			name = Release;
		};
/* End XCBuildConfiguration section */

/* Begin XCConfigurationList section */
		B5240D9B28E723D90029EB96 /* Build configuration list for PBXProject "NetflixApp" */ = {
			isa = XCConfigurationList;
			buildConfigurations = (
				B5240DC828E723DF0029EB96 /* Debug */,
				B5240DC928E723DF0029EB96 /* Release */,
			);
			defaultConfigurationIsVisible = 0;
			defaultConfigurationName = Release;
		};
		B5240DCA28E723DF0029EB96 /* Build configuration list for PBXNativeTarget "NetflixApp" */ = {
			isa = XCConfigurationList;
			buildConfigurations = (
				B5240DCB28E723DF0029EB96 /* Debug */,
				B5240DCC28E723DF0029EB96 /* Release */,
			);
			defaultConfigurationIsVisible = 0;
			defaultConfigurationName = Release;
		};
		B5240DCD28E723DF0029EB96 /* Build configuration list for PBXNativeTarget "NetflixAppTests" */ = {
			isa = XCConfigurationList;
			buildConfigurations = (
				B5240DCE28E723DF0029EB96 /* Debug */,
				B5240DCF28E723DF0029EB96 /* Release */,
			);
			defaultConfigurationIsVisible = 0;
			defaultConfigurationName = Release;
		};
		B5240DD028E723DF0029EB96 /* Build configuration list for PBXNativeTarget "NetflixAppUITests" */ = {
			isa = XCConfigurationList;
			buildConfigurations = (
				B5240DD128E723DF0029EB96 /* Debug */,
				B5240DD228E723DF0029EB96 /* Release */,
			);
			defaultConfigurationIsVisible = 0;
			defaultConfigurationName = Release;
		};
/* End XCConfigurationList section */
	};
	rootObject = B5240D9828E723D90029EB96 /* Project object */;
}
